
Microsoft Visual Studio Solution File, Format Version 11.00
# Visual C# Express 2010
Project("{FAE04EC0-301F-11D3-BF4B-00C04F79EFBC}") = "DamosAlarmsNTimers", "WindowsFormsApplication1\DamosAlarmsNTimers.csproj", "{EAD04D74-9C58-4FDF-A50C-D1CFDD2D7094}"
EndProject
Global
	GlobalSection(SolutionConfigurationPlatforms) = preSolution
		Debug|x86 = Debug|x86
		Release|x86 = Release|x86
	EndGlobalSection
	GlobalSection(ProjectConfigurationPlatforms) = postSolution
		{EAD04D74-9C58-4FDF-A50C-D1CFDD2D7094}.Debug|x86.ActiveCfg = Debug|x86
		{EAD04D74-9C58-4FDF-A50C-D1CFDD2D7094}.Debug|x86.Build.0 = Debug|x86
		{EAD04D74-9C58-4FDF-A50C-D1CFDD2D7094}.Release|x86.ActiveCfg = Release|x86
		{EAD04D74-9C58-4FDF-A50C-D1CFDD2D7094}.Release|x86.Build.0 = Release|x86
	EndGlobalSection
	GlobalSection(SolutionProperties) = preSolution
		HideSolutionNode = FALSE
	EndGlobalSection
EndGlobal
